
Microsoft Visual Studio Solution File, Format Version 12.00
# Visual Studio Version 16
VisualStudioVersion = 16.0.30611.23
MinimumVisualStudioVersion = 10.0.40219.1
Project("{FAE04EC0-301F-11D3-BF4B-00C04F79EFBC}") = "Gestion de Garage Mécanique", "Gestion de Garage Mécanique\Gestion de Garage Mécanique.csproj", "{7954CF85-9577-4FB4-B1AE-D98C1721A217}"
EndProject
Global
	GlobalSection(SolutionConfigurationPlatforms) = preSolution
		Debug|Any CPU = Debug|Any CPU
		Release|Any CPU = Release|Any CPU
	EndGlobalSection
	GlobalSection(ProjectConfigurationPlatforms) = postSolution
		{7954CF85-9577-4FB4-B1AE-D98C1721A217}.Debug|Any CPU.ActiveCfg = Debug|Any CPU
		{7954CF85-9577-4FB4-B1AE-D98C1721A217}.Debug|Any CPU.Build.0 = Debug|Any CPU
		{7954CF85-9577-4FB4-B1AE-D98C1721A217}.Release|Any CPU.ActiveCfg = Release|Any CPU
		{7954CF85-9577-4FB4-B1AE-D98C1721A217}.Release|Any CPU.Build.0 = Release|Any CPU
	EndGlobalSection
	GlobalSection(SolutionProperties) = preSolution
		HideSolutionNode = FALSE
	EndGlobalSection
	GlobalSection(ExtensibilityGlobals) = postSolution
		SolutionGuid = {58497C6A-7BBC-4F33-9B6C-C64ABD744C4E}
	EndGlobalSection
EndGlobal
